
Microsoft Visual Studio Solution File, Format Version 12.00
# Visual Studio Version 17
VisualStudioVersion = 17.5.33516.290
MinimumVisualStudioVersion = 10.0.40219.1
Project("{00D1A9C2-B5F0-4AF3-8072-F6C62B433612}") = "Azure-sql-db-cicd", "Azure-sql-db-cicd\Azure-sql-db-cicd.sqlproj", "{24AFFF81-87A8-416D-88CC-34B7B212B06C}"
EndProject
Global
	GlobalSection(SolutionConfigurationPlatforms) = preSolution
		Debug|Any CPU = Debug|Any CPU
		Release|Any CPU = Release|Any CPU
	EndGlobalSection
	GlobalSection(ProjectConfigurationPlatforms) = postSolution
		{24AFFF81-87A8-416D-88CC-34B7B212B06C}.Debug|Any CPU.ActiveCfg = Debug|Any CPU
		{24AFFF81-87A8-416D-88CC-34B7B212B06C}.Debug|Any CPU.Build.0 = Debug|Any CPU
		{24AFFF81-87A8-416D-88CC-34B7B212B06C}.Debug|Any CPU.Deploy.0 = Debug|Any CPU
		{24AFFF81-87A8-416D-88CC-34B7B212B06C}.Release|Any CPU.ActiveCfg = Release|Any CPU
		{24AFFF81-87A8-416D-88CC-34B7B212B06C}.Release|Any CPU.Build.0 = Release|Any CPU
		{24AFFF81-87A8-416D-88CC-34B7B212B06C}.Release|Any CPU.Deploy.0 = Release|Any CPU
	EndGlobalSection
	GlobalSection(SolutionProperties) = preSolution
		HideSolutionNode = FALSE
	EndGlobalSection
	GlobalSection(ExtensibilityGlobals) = postSolution
		SolutionGuid = {D9171A14-CA9A-425E-B479-685BEE6C317A}
	EndGlobalSection
EndGlobal
